
Microsoft Visual Studio Solution File, Format Version 12.00
# Visual Studio Version 17
VisualStudioVersion = 17.9.34616.47
MinimumVisualStudioVersion = 10.0.40219.1
Project("{FAE04EC0-301F-11D3-BF4B-00C04F79EFBC}") = "SerialisointiEsimerkki", "SerialisointiEsimerkki.csproj", "{AA6A552E-7C12-45C6-B74D-94AF231DA404}"
EndProject
Global
	GlobalSection(SolutionConfigurationPlatforms) = preSolution
		Debug|Any CPU = Debug|Any CPU
		Release|Any CPU = Release|Any CPU
	EndGlobalSection
	GlobalSection(ProjectConfigurationPlatforms) = postSolution
		{AA6A552E-7C12-45C6-B74D-94AF231DA404}.Debug|Any CPU.ActiveCfg = Debug|Any CPU
		{AA6A552E-7C12-45C6-B74D-94AF231DA404}.Debug|Any CPU.Build.0 = Debug|Any CPU
		{AA6A552E-7C12-45C6-B74D-94AF231DA404}.Release|Any CPU.ActiveCfg = Release|Any CPU
		{AA6A552E-7C12-45C6-B74D-94AF231DA404}.Release|Any CPU.Build.0 = Release|Any CPU
	EndGlobalSection
	GlobalSection(SolutionProperties) = preSolution
		HideSolutionNode = FALSE
	EndGlobalSection
	GlobalSection(ExtensibilityGlobals) = postSolution
		SolutionGuid = {C90FD77C-5BC8-4577-905F-0A778D03E794}
	EndGlobalSection
EndGlobal
