
Microsoft Visual Studio Solution File, Format Version 12.00
# Visual Studio Version 17
VisualStudioVersion = 17.8.34525.116
MinimumVisualStudioVersion = 10.0.40219.1
Project("{FAE04EC0-301F-11D3-BF4B-00C04F79EFBC}") = "Laitekirjasto", "Laitekirjasto.csproj", "{AA90E5B3-2BE6-4CF0-8416-742149A82E50}"
EndProject
Global
	GlobalSection(SolutionConfigurationPlatforms) = preSolution
		Debug|Any CPU = Debug|Any CPU
		Release|Any CPU = Release|Any CPU
	EndGlobalSection
	GlobalSection(ProjectConfigurationPlatforms) = postSolution
		{AA90E5B3-2BE6-4CF0-8416-742149A82E50}.Debug|Any CPU.ActiveCfg = Debug|Any CPU
		{AA90E5B3-2BE6-4CF0-8416-742149A82E50}.Debug|Any CPU.Build.0 = Debug|Any CPU
		{AA90E5B3-2BE6-4CF0-8416-742149A82E50}.Release|Any CPU.ActiveCfg = Release|Any CPU
		{AA90E5B3-2BE6-4CF0-8416-742149A82E50}.Release|Any CPU.Build.0 = Release|Any CPU
	EndGlobalSection
	GlobalSection(SolutionProperties) = preSolution
		HideSolutionNode = FALSE
	EndGlobalSection
	GlobalSection(ExtensibilityGlobals) = postSolution
		SolutionGuid = {920D9526-0734-4D8A-A1D1-752E89644640}
	EndGlobalSection
EndGlobal
